<?xml version="1.0" ?>
<CodeBench_Project name="MediaVault" path="Applications:Programming&#047;workspace&#047;MyProjects&#047;mediavault&#047;MediaVault.cbp" created="1353847454" lastmodified="1366193937">
	<plugin name="PROGDIR:Plugins&#047;AmigaOS4SDK.CCPlugin" flags="0"/>
	<target run="MediaVault"/>
	<homedir name="Applications:Programming&#047;workspace&#047;MyProjects&#047;mediavault"/>
	<includedir name="Applications:Programming&#047;workspace&#047;MyProjects&#047;mediavault&#047;src"/>
	<compiler name="gcc:bin&#047;gcc" switches="-Wall -Werror -Wwrite-strings" stack="131072"/>
	<linker switches="-lauto"/>
	<debugger name="SDK:c&#047;gdb"/>
	<builder name="SDK:c&#047;make -f"/>
	<environment tabsize="2"/>
	<headers>
		<file name="Applications:Programming&#047;workspace&#047;MyProjects&#047;mediavault&#047;src&#047;libshandler.h" open="0"/>
		<file name="Applications:Programming&#047;workspace&#047;MyProjects&#047;mediavault&#047;src&#047;mediavault.h" open="1" top="0" left="0" line="36" row="13"/>
		<file name="src&#047;globals.h" open="1" top="0" left="0" line="32" row="0"/>
		<file name="src&#047;upnpfuncs.h" open="0"/>
		<file name="src&#047;oofuncs.h" open="0"/>
		<file name="Applications:Programming&#047;workspace&#047;MyProjects&#047;mediavault&#047;src&#047;version.h" open="0"/>
		<file name="src&#047;gui.h" open="1" current="1" top="85" left="0" line="140" row="20"/>
		<file name="src&#047;mainWin.h" open="1" top="0" left="0" line="23" row="25"/>
	</headers>
	<sources>
		<file name="src&#047;mediavault.c" open="1" top="0" left="0" line="25" row="2"/>
		<file name="src&#047;libshandler.c" open="0"/>
		<file name="src&#047;upnpfuncs.c" open="0"/>
		<file name="src&#047;oofuncs.c" open="0"/>
		<file name="src&#047;gui.c" open="1" top="11" left="0" line="47" row="6"/>
		<file name="src&#047;mainWin.c" open="1" top="13" left="0" line="24" row="6"/>
	</sources>
	<others>
		<file name="Makefile" open="0"/>
		<file name=".gitignore" open="0"/>
	</others>
	<flags value="0x0000000000068005"/>
	<buildscript name="Makefile" depth="3" open="0"/>
	<projectnotes open="0"/>
	<buildwindow open="1"/>
	<targets>
		<target name="MediaVault" linker="gcc:bin&#047;gcc" flags="0x00000002">
			<file name="src&#047;mediavault.c"/>
			<file name="src&#047;libshandler.c"/>
			<file name="src&#047;gui.c"/>
			<file name="src&#047;mainWin.c"/>
		</target>
	</targets>
	<logfile name="RAM Disk:Build.log"/>
	<search lastsearch="appPort" sensecase="1" replace_state="0"/>
</CodeBench_Project>
